// !$*UTF8*$!
{
	archiveVersion = 1;
	classes = {
	};
	objectVersion = 46;
	objects = {

/* Begin PBXBuildFile section */
		9556E2041B28292A00BB95B5 /* backgroundMusic.mp3 in Resources */ = {isa = PBXBuildFile; fileRef = 9556E1FF1B28292A00BB95B5 /* backgroundMusic.mp3 */; };
		9556E2051B28292A00BB95B5 /* hitCat.wav in Resources */ = {isa = PBXBuildFile; fileRef = 9556E2001B28292A00BB95B5 /* hitCat.wav */; };
		9556E2061B28292A00BB95B5 /* hitCatLady.wav in Resources */ = {isa = PBXBuildFile; fileRef = 9556E2011B28292A00BB95B5 /* hitCatLady.wav */; };
		9556E2071B28292A00BB95B5 /* lose.wav in Resources */ = {isa = PBXBuildFile; fileRef = 9556E2021B28292A00BB95B5 /* lose.wav */; };
		9556E2081B28292A00BB95B5 /* win.wav in Resources */ = {isa = PBXBuildFile; fileRef = 9556E2031B28292A00BB95B5 /* win.wav */; };
		95A99D071B21B55B005EDF41 /* main.m in Sources */ = {isa = PBXBuildFile; fileRef = 95A99D061B21B55B005EDF41 /* main.m */; };
		95A99D0A1B21B55B005EDF41 /* AppDelegate.m in Sources */ = {isa = PBXBuildFile; fileRef = 95A99D091B21B55B005EDF41 /* AppDelegate.m */; };
		95A99D0D1B21B55B005EDF41 /* GameScene.m in Sources */ = {isa = PBXBuildFile; fileRef = 95A99D0C1B21B55B005EDF41 /* GameScene.m */; };
		95A99D121B21B55B005EDF41 /* GameViewController.m in Sources */ = {isa = PBXBuildFile; fileRef = 95A99D111B21B55B005EDF41 /* GameViewController.m */; };
		95A99D151B21B55B005EDF41 /* Main.storyboard in Resources */ = {isa = PBXBuildFile; fileRef = 95A99D131B21B55B005EDF41 /* Main.storyboard */; };
		95A99D171B21B55B005EDF41 /* Images.xcassets in Resources */ = {isa = PBXBuildFile; fileRef = 95A99D161B21B55B005EDF41 /* Images.xcassets */; };
		95A99D1A1B21B55B005EDF41 /* LaunchScreen.xib in Resources */ = {isa = PBXBuildFile; fileRef = 95A99D181B21B55B005EDF41 /* LaunchScreen.xib */; };
		95A99D261B21B55B005EDF41 /* ZombieCongaTests.m in Sources */ = {isa = PBXBuildFile; fileRef = 95A99D251B21B55B005EDF41 /* ZombieCongaTests.m */; };
		95A99D351B21BC5F005EDF41 /* background1.png in Resources */ = {isa = PBXBuildFile; fileRef = 95A99D301B21BC5F005EDF41 /* background1.png */; };
		95A99D361B21BC5F005EDF41 /* background2.png in Resources */ = {isa = PBXBuildFile; fileRef = 95A99D311B21BC5F005EDF41 /* background2.png */; };
		95A99D371B21BC5F005EDF41 /* MainMenu.png in Resources */ = {isa = PBXBuildFile; fileRef = 95A99D321B21BC5F005EDF41 /* MainMenu.png */; };
		95A99D381B21BC5F005EDF41 /* YouLose.png in Resources */ = {isa = PBXBuildFile; fileRef = 95A99D331B21BC5F005EDF41 /* YouLose.png */; };
		95A99D391B21BC5F005EDF41 /* YouWin.png in Resources */ = {isa = PBXBuildFile; fileRef = 95A99D341B21BC5F005EDF41 /* YouWin.png */; };
		95A99D3B1B21BC69005EDF41 /* sprites.atlas in Resources */ = {isa = PBXBuildFile; fileRef = 95A99D3A1B21BC69005EDF41 /* sprites.atlas */; };
/* End PBXBuildFile section */

/* Begin PBXContainerItemProxy section */
		95A99D201B21B55B005EDF41 /* PBXContainerItemProxy */ = {
			isa = PBXContainerItemProxy;
			containerPortal = 95A99CF91B21B55B005EDF41 /* Project object */;
			proxyType = 1;
			remoteGlobalIDString = 95A99D001B21B55B005EDF41;
			remoteInfo = ZombieConga;
		};
/* End PBXContainerItemProxy section */

/* Begin PBXFileReference section */
		9556E1FF1B28292A00BB95B5 /* backgroundMusic.mp3 */ = {isa = PBXFileReference; lastKnownFileType = audio.mp3; path = backgroundMusic.mp3; sourceTree = "<group>"; };
		9556E2001B28292A00BB95B5 /* hitCat.wav */ = {isa = PBXFileReference; lastKnownFileType = audio.wav; path = hitCat.wav; sourceTree = "<group>"; };
		9556E2011B28292A00BB95B5 /* hitCatLady.wav */ = {isa = PBXFileReference; lastKnownFileType = audio.wav; path = hitCatLady.wav; sourceTree = "<group>"; };
		9556E2021B28292A00BB95B5 /* lose.wav */ = {isa = PBXFileReference; lastKnownFileType = audio.wav; path = lose.wav; sourceTree = "<group>"; };
		9556E2031B28292A00BB95B5 /* win.wav */ = {isa = PBXFileReference; lastKnownFileType = audio.wav; path = win.wav; sourceTree = "<group>"; };
		95A99D011B21B55B005EDF41 /* ZombieConga.app */ = {isa = PBXFileReference; explicitFileType = wrapper.application; includeInIndex = 0; path = ZombieConga.app; sourceTree = BUILT_PRODUCTS_DIR; };
		95A99D051B21B55B005EDF41 /* Info.plist */ = {isa = PBXFileReference; lastKnownFileType = text.plist.xml; path = Info.plist; sourceTree = "<group>"; };
		95A99D061B21B55B005EDF41 /* main.m */ = {isa = PBXFileReference; lastKnownFileType = sourcecode.c.objc; path = main.m; sourceTree = "<group>"; };
		95A99D081B21B55B005EDF41 /* AppDelegate.h */ = {isa = PBXFileReference; lastKnownFileType = sourcecode.c.h; path = AppDelegate.h; sourceTree = "<group>"; };
		95A99D091B21B55B005EDF41 /* AppDelegate.m */ = {isa = PBXFileReference; lastKnownFileType = sourcecode.c.objc; path = AppDelegate.m; sourceTree = "<group>"; };
		95A99D0B1B21B55B005EDF41 /* GameScene.h */ = {isa = PBXFileReference; lastKnownFileType = sourcecode.c.h; path = GameScene.h; sourceTree = "<group>"; };
		95A99D0C1B21B55B005EDF41 /* GameScene.m */ = {isa = PBXFileReference; lastKnownFileType = sourcecode.c.objc; path = GameScene.m; sourceTree = "<group>"; };
		95A99D101B21B55B005EDF41 /* GameViewController.h */ = {isa = PBXFileReference; lastKnownFileType = sourcecode.c.h; path = GameViewController.h; sourceTree = "<group>"; };
		95A99D111B21B55B005EDF41 /* GameViewController.m */ = {isa = PBXFileReference; lastKnownFileType = sourcecode.c.objc; path = GameViewController.m; sourceTree = "<group>"; };
		95A99D141B21B55B005EDF41 /* Base */ = {isa = PBXFileReference; lastKnownFileType = file.storyboard; name = Base; path = Base.lproj/Main.storyboard; sourceTree = "<group>"; };
		95A99D161B21B55B005EDF41 /* Images.xcassets */ = {isa = PBXFileReference; lastKnownFileType = folder.assetcatalog; path = Images.xcassets; sourceTree = "<group>"; };
		95A99D191B21B55B005EDF41 /* Base */ = {isa = PBXFileReference; lastKnownFileType = file.xib; name = Base; path = Base.lproj/LaunchScreen.xib; sourceTree = "<group>"; };
		95A99D1F1B21B55B005EDF41 /* ZombieCongaTests.xctest */ = {isa = PBXFileReference; explicitFileType = wrapper.cfbundle; includeInIndex = 0; path = ZombieCongaTests.xctest; sourceTree = BUILT_PRODUCTS_DIR; };
		95A99D241B21B55B005EDF41 /* Info.plist */ = {isa = PBXFileReference; lastKnownFileType = text.plist.xml; path = Info.plist; sourceTree = "<group>"; };
		95A99D251B21B55B005EDF41 /* ZombieCongaTests.m */ = {isa = PBXFileReference; lastKnownFileType = sourcecode.c.objc; path = ZombieCongaTests.m; sourceTree = "<group>"; };
		95A99D301B21BC5F005EDF41 /* background1.png */ = {isa = PBXFileReference; lastKnownFileType = image.png; path = background1.png; sourceTree = "<group>"; };
		95A99D311B21BC5F005EDF41 /* background2.png */ = {isa = PBXFileReference; lastKnownFileType = image.png; path = background2.png; sourceTree = "<group>"; };
		95A99D321B21BC5F005EDF41 /* MainMenu.png */ = {isa = PBXFileReference; lastKnownFileType = image.png; path = MainMenu.png; sourceTree = "<group>"; };
		95A99D331B21BC5F005EDF41 /* YouLose.png */ = {isa = PBXFileReference; lastKnownFileType = image.png; path = YouLose.png; sourceTree = "<group>"; };
		95A99D341B21BC5F005EDF41 /* YouWin.png */ = {isa = PBXFileReference; lastKnownFileType = image.png; path = YouWin.png; sourceTree = "<group>"; };
		95A99D3A1B21BC69005EDF41 /* sprites.atlas */ = {isa = PBXFileReference; lastKnownFileType = folder.skatlas; name = sprites.atlas; path = Images/sprites.atlas; sourceTree = "<group>"; };
		95E37DAC1B22FA20007F993F /* MyUtils.h */ = {isa = PBXFileReference; lastKnownFileType = sourcecode.c.h; path = MyUtils.h; sourceTree = "<group>"; };
/* End PBXFileReference section */

/* Begin PBXFrameworksBuildPhase section */
		95A99CFE1B21B55B005EDF41 /* Frameworks */ = {
			isa = PBXFrameworksBuildPhase;
			buildActionMask = 2147483647;
			files = (
			);
			runOnlyForDeploymentPostprocessing = 0;
		};
		95A99D1C1B21B55B005EDF41 /* Frameworks */ = {
			isa = PBXFrameworksBuildPhase;
			buildActionMask = 2147483647;
			files = (
			);
			runOnlyForDeploymentPostprocessing = 0;
		};
/* End PBXFrameworksBuildPhase section */

/* Begin PBXGroup section */
		9556E1FE1B28292A00BB95B5 /* Sounds */ = {
			isa = PBXGroup;
			children = (
				9556E1FF1B28292A00BB95B5 /* backgroundMusic.mp3 */,
				9556E2001B28292A00BB95B5 /* hitCat.wav */,
				9556E2011B28292A00BB95B5 /* hitCatLady.wav */,
				9556E2021B28292A00BB95B5 /* lose.wav */,
				9556E2031B28292A00BB95B5 /* win.wav */,
			);
			path = Sounds;
			sourceTree = "<group>";
		};
		95A99CF81B21B55B005EDF41 = {
			isa = PBXGroup;
			children = (
				95A99D031B21B55B005EDF41 /* ZombieConga */,
				95A99D221B21B55B005EDF41 /* ZombieCongaTests */,
				95A99D021B21B55B005EDF41 /* Products */,
			);
			sourceTree = "<group>";
		};
		95A99D021B21B55B005EDF41 /* Products */ = {
			isa = PBXGroup;
			children = (
				95A99D011B21B55B005EDF41 /* ZombieConga.app */,
				95A99D1F1B21B55B005EDF41 /* ZombieCongaTests.xctest */,
			);
			name = Products;
			sourceTree = "<group>";
		};
		95A99D031B21B55B005EDF41 /* ZombieConga */ = {
			isa = PBXGroup;
			children = (
				9556E1FE1B28292A00BB95B5 /* Sounds */,
				95A99D3A1B21BC69005EDF41 /* sprites.atlas */,
				95A99D2F1B21BC5F005EDF41 /* Images */,
				95A99D081B21B55B005EDF41 /* AppDelegate.h */,
				95A99D091B21B55B005EDF41 /* AppDelegate.m */,
				95A99D0B1B21B55B005EDF41 /* GameScene.h */,
				95A99D0C1B21B55B005EDF41 /* GameScene.m */,
				95E37DAC1B22FA20007F993F /* MyUtils.h */,
				95A99D101B21B55B005EDF41 /* GameViewController.h */,
				95A99D111B21B55B005EDF41 /* GameViewController.m */,
				95A99D131B21B55B005EDF41 /* Main.storyboard */,
				95A99D161B21B55B005EDF41 /* Images.xcassets */,
				95A99D181B21B55B005EDF41 /* LaunchScreen.xib */,
				95A99D041B21B55B005EDF41 /* Supporting Files */,
			);
			path = ZombieConga;
			sourceTree = "<group>";
		};
		95A99D041B21B55B005EDF41 /* Supporting Files */ = {
			isa = PBXGroup;
			children = (
				95A99D051B21B55B005EDF41 /* Info.plist */,
				95A99D061B21B55B005EDF41 /* main.m */,
			);
			name = "Supporting Files";
			sourceTree = "<group>";
		};
		95A99D221B21B55B005EDF41 /* ZombieCongaTests */ = {
			isa = PBXGroup;
			children = (
				95A99D251B21B55B005EDF41 /* ZombieCongaTests.m */,
				95A99D231B21B55B005EDF41 /* Supporting Files */,
			);
			path = ZombieCongaTests;
			sourceTree = "<group>";
		};
		95A99D231B21B55B005EDF41 /* Supporting Files */ = {
			isa = PBXGroup;
			children = (
				95A99D241B21B55B005EDF41 /* Info.plist */,
			);
			name = "Supporting Files";
			sourceTree = "<group>";
		};
		95A99D2F1B21BC5F005EDF41 /* Images */ = {
			isa = PBXGroup;
			children = (
				95A99D301B21BC5F005EDF41 /* background1.png */,
				95A99D311B21BC5F005EDF41 /* background2.png */,
				95A99D321B21BC5F005EDF41 /* MainMenu.png */,
				95A99D331B21BC5F005EDF41 /* YouLose.png */,
				95A99D341B21BC5F005EDF41 /* YouWin.png */,
			);
			path = Images;
			sourceTree = "<group>";
		};
/* End PBXGroup section */

/* Begin PBXNativeTarget section */
		95A99D001B21B55B005EDF41 /* ZombieConga */ = {
			isa = PBXNativeTarget;
			buildConfigurationList = 95A99D291B21B55B005EDF41 /* Build configuration list for PBXNativeTarget "ZombieConga" */;
			buildPhases = (
				95A99CFD1B21B55B005EDF41 /* Sources */,
				95A99CFE1B21B55B005EDF41 /* Frameworks */,
				95A99CFF1B21B55B005EDF41 /* Resources */,
			);
			buildRules = (
			);
			dependencies = (
			);
			name = ZombieConga;
			productName = ZombieConga;
			productReference = 95A99D011B21B55B005EDF41 /* ZombieConga.app */;
			productType = "com.apple.product-type.application";
		};
		95A99D1E1B21B55B005EDF41 /* ZombieCongaTests */ = {
			isa = PBXNativeTarget;
			buildConfigurationList = 95A99D2C1B21B55B005EDF41 /* Build configuration list for PBXNativeTarget "ZombieCongaTests" */;
			buildPhases = (
				95A99D1B1B21B55B005EDF41 /* Sources */,
				95A99D1C1B21B55B005EDF41 /* Frameworks */,
				95A99D1D1B21B55B005EDF41 /* Resources */,
			);
			buildRules = (
			);
			dependencies = (
				95A99D211B21B55B005EDF41 /* PBXTargetDependency */,
			);
			name = ZombieCongaTests;
			productName = ZombieCongaTests;
			productReference = 95A99D1F1B21B55B005EDF41 /* ZombieCongaTests.xctest */;
			productType = "com.apple.product-type.bundle.unit-test";
		};
/* End PBXNativeTarget section */

/* Begin PBXProject section */
		95A99CF91B21B55B005EDF41 /* Project object */ = {
			isa = PBXProject;
			attributes = {
				LastUpgradeCheck = 0630;
				ORGANIZATIONNAME = dnwin;
				TargetAttributes = {
					95A99D001B21B55B005EDF41 = {
						CreatedOnToolsVersion = 6.3;
					};
					95A99D1E1B21B55B005EDF41 = {
						CreatedOnToolsVersion = 6.3;
						TestTargetID = 95A99D001B21B55B005EDF41;
					};
				};
			};
			buildConfigurationList = 95A99CFC1B21B55B005EDF41 /* Build configuration list for PBXProject "ZombieConga" */;
			compatibilityVersion = "Xcode 3.2";
			developmentRegion = English;
			hasScannedForEncodings = 0;
			knownRegions = (
				en,
				Base,
			);
			mainGroup = 95A99CF81B21B55B005EDF41;
			productRefGroup = 95A99D021B21B55B005EDF41 /* Products */;
			projectDirPath = "";
			projectRoot = "";
			targets = (
				95A99D001B21B55B005EDF41 /* ZombieConga */,
				95A99D1E1B21B55B005EDF41 /* ZombieCongaTests */,
			);
		};
/* End PBXProject section */

/* Begin PBXResourcesBuildPhase section */
		95A99CFF1B21B55B005EDF41 /* Resources */ = {
			isa = PBXResourcesBuildPhase;
			buildActionMask = 2147483647;
			files = (
				95A99D391B21BC5F005EDF41 /* YouWin.png in Resources */,
				95A99D3B1B21BC69005EDF41 /* sprites.atlas in Resources */,
				95A99D1A1B21B55B005EDF41 /* LaunchScreen.xib in Resources */,
				95A99D371B21BC5F005EDF41 /* MainMenu.png in Resources */,
				9556E2071B28292A00BB95B5 /* lose.wav in Resources */,
				95A99D381B21BC5F005EDF41 /* YouLose.png in Resources */,
				95A99D171B21B55B005EDF41 /* Images.xcassets in Resources */,
				9556E2081B28292A00BB95B5 /* win.wav in Resources */,
				95A99D361B21BC5F005EDF41 /* background2.png in Resources */,
				95A99D151B21B55B005EDF41 /* Main.storyboard in Resources */,
				9556E2041B28292A00BB95B5 /* backgroundMusic.mp3 in Resources */,
				9556E2061B28292A00BB95B5 /* hitCatLady.wav in Resources */,
				9556E2051B28292A00BB95B5 /* hitCat.wav in Resources */,
				95A99D351B21BC5F005EDF41 /* background1.png in Resources */,
			);
			runOnlyForDeploymentPostprocessing = 0;
		};
		95A99D1D1B21B55B005EDF41 /* Resources */ = {
			isa = PBXResourcesBuildPhase;
			buildActionMask = 2147483647;
			files = (
			);
			runOnlyForDeploymentPostprocessing = 0;
		};
/* End PBXResourcesBuildPhase section */

/* Begin PBXSourcesBuildPhase section */
		95A99CFD1B21B55B005EDF41 /* Sources */ = {
			isa = PBXSourcesBuildPhase;
			buildActionMask = 2147483647;
			files = (
				95A99D121B21B55B005EDF41 /* GameViewController.m in Sources */,
				95A99D0A1B21B55B005EDF41 /* AppDelegate.m in Sources */,
				95A99D0D1B21B55B005EDF41 /* GameScene.m in Sources */,
				95A99D071B21B55B005EDF41 /* main.m in Sources */,
			);
			runOnlyForDeploymentPostprocessing = 0;
		};
		95A99D1B1B21B55B005EDF41 /* Sources */ = {
			isa = PBXSourcesBuildPhase;
			buildActionMask = 2147483647;
			files = (
				95A99D261B21B55B005EDF41 /* ZombieCongaTests.m in Sources */,
			);
			runOnlyForDeploymentPostprocessing = 0;
		};
/* End PBXSourcesBuildPhase section */

/* Begin PBXTargetDependency section */
		95A99D211B21B55B005EDF41 /* PBXTargetDependency */ = {
			isa = PBXTargetDependency;
			target = 95A99D001B21B55B005EDF41 /* ZombieConga */;
			targetProxy = 95A99D201B21B55B005EDF41 /* PBXContainerItemProxy */;
		};
/* End PBXTargetDependency section */

/* Begin PBXVariantGroup section */
		95A99D131B21B55B005EDF41 /* Main.storyboard */ = {
			isa = PBXVariantGroup;
			children = (
				95A99D141B21B55B005EDF41 /* Base */,
			);
			name = Main.storyboard;
			sourceTree = "<group>";
		};
		95A99D181B21B55B005EDF41 /* LaunchScreen.xib */ = {
			isa = PBXVariantGroup;
			children = (
				95A99D191B21B55B005EDF41 /* Base */,
			);
			name = LaunchScreen.xib;
			sourceTree = "<group>";
		};
/* End PBXVariantGroup section */

/* Begin XCBuildConfiguration section */
		95A99D271B21B55B005EDF41 /* Debug */ = {
			isa = XCBuildConfiguration;
			buildSettings = {
				ALWAYS_SEARCH_USER_PATHS = NO;
				CLANG_CXX_LANGUAGE_STANDARD = "gnu++0x";
				CLANG_CXX_LIBRARY = "libc++";
				CLANG_ENABLE_MODULES = YES;
				CLANG_ENABLE_OBJC_ARC = YES;
				CLANG_WARN_BOOL_CONVERSION = YES;
				CLANG_WARN_CONSTANT_CONVERSION = YES;
				CLANG_WARN_DIRECT_OBJC_ISA_USAGE = YES_ERROR;
				CLANG_WARN_EMPTY_BODY = YES;
				CLANG_WARN_ENUM_CONVERSION = YES;
				CLANG_WARN_INT_CONVERSION = YES;
				CLANG_WARN_OBJC_ROOT_CLASS = YES_ERROR;
				CLANG_WARN_UNREACHABLE_CODE = YES;
				CLANG_WARN__DUPLICATE_METHOD_MATCH = YES;
				"CODE_SIGN_IDENTITY[sdk=iphoneos*]" = "iPhone Developer";
				COPY_PHASE_STRIP = NO;
				DEBUG_INFORMATION_FORMAT = "dwarf-with-dsym";
				ENABLE_STRICT_OBJC_MSGSEND = YES;
				GCC_C_LANGUAGE_STANDARD = gnu99;
				GCC_DYNAMIC_NO_PIC = NO;
				GCC_NO_COMMON_BLOCKS = YES;
				GCC_OPTIMIZATION_LEVEL = 0;
				GCC_PREPROCESSOR_DEFINITIONS = (
					"DEBUG=1",
					"$(inherited)",
				);
				GCC_SYMBOLS_PRIVATE_EXTERN = NO;
				GCC_WARN_64_TO_32_BIT_CONVERSION = YES;
				GCC_WARN_ABOUT_RETURN_TYPE = YES_ERROR;
				GCC_WARN_UNDECLARED_SELECTOR = YES;
				GCC_WARN_UNINITIALIZED_AUTOS = YES_AGGRESSIVE;
				GCC_WARN_UNUSED_FUNCTION = YES;
				GCC_WARN_UNUSED_VARIABLE = YES;
				IPHONEOS_DEPLOYMENT_TARGET = 8.3;
				MTL_ENABLE_DEBUG_INFO = YES;
				ONLY_ACTIVE_ARCH = YES;
				SDKROOT = iphoneos;
				TARGETED_DEVICE_FAMILY = "1,2";
			};
			name = Debug;
		};
		95A99D281B21B55B005EDF41 /* Release */ = {
			isa = XCBuildConfiguration;
			buildSettings = {
				ALWAYS_SEARCH_USER_PATHS = NO;
				CLANG_CXX_LANGUAGE_STANDARD = "gnu++0x";
				CLANG_CXX_LIBRARY = "libc++";
				CLANG_ENABLE_MODULES = YES;
				CLANG_ENABLE_OBJC_ARC = YES;
				CLANG_WARN_BOOL_CONVERSION = YES;
				CLANG_WARN_CONSTANT_CONVERSION = YES;
				CLANG_WARN_DIRECT_OBJC_ISA_USAGE = YES_ERROR;
				CLANG_WARN_EMPTY_BODY = YES;
				CLANG_WARN_ENUM_CONVERSION = YES;
				CLANG_WARN_INT_CONVERSION = YES;
				CLANG_WARN_OBJC_ROOT_CLASS = YES_ERROR;
				CLANG_WARN_UNREACHABLE_CODE = YES;
				CLANG_WARN__DUPLICATE_METHOD_MATCH = YES;
				"CODE_SIGN_IDENTITY[sdk=iphoneos*]" = "iPhone Developer";
				COPY_PHASE_STRIP = NO;
				DEBUG_INFORMATION_FORMAT = "dwarf-with-dsym";
				ENABLE_NS_ASSERTIONS = NO;
				ENABLE_STRICT_OBJC_MSGSEND = YES;
				GCC_C_LANGUAGE_STANDARD = gnu99;
				GCC_NO_COMMON_BLOCKS = YES;
				GCC_WARN_64_TO_32_BIT_CONVERSION = YES;
				GCC_WARN_ABOUT_RETURN_TYPE = YES_ERROR;
				GCC_WARN_UNDECLARED_SELECTOR = YES;
				GCC_WARN_UNINITIALIZED_AUTOS = YES_AGGRESSIVE;
				GCC_WARN_UNUSED_FUNCTION = YES;
				GCC_WARN_UNUSED_VARIABLE = YES;
				IPHONEOS_DEPLOYMENT_TARGET = 8.3;
				MTL_ENABLE_DEBUG_INFO = NO;
				SDKROOT = iphoneos;
				TARGETED_DEVICE_FAMILY = "1,2";
				VALIDATE_PRODUCT = YES;
			};
			name = Release;
		};
		95A99D2A1B21B55B005EDF41 /* Debug */ = {
			isa = XCBuildConfiguration;
			buildSettings = {
				ASSETCATALOG_COMPILER_APPICON_NAME = AppIcon;
				INFOPLIST_FILE = ZombieConga/Info.plist;
				IPHONEOS_DEPLOYMENT_TARGET = 8.0;
				LD_RUNPATH_SEARCH_PATHS = "$(inherited) @executable_path/Frameworks";
				PRODUCT_NAME = "$(TARGET_NAME)";
			};
			name = Debug;
		};
		95A99D2B1B21B55B005EDF41 /* Release */ = {
			isa = XCBuildConfiguration;
			buildSettings = {
				ASSETCATALOG_COMPILER_APPICON_NAME = AppIcon;
				INFOPLIST_FILE = ZombieConga/Info.plist;
				IPHONEOS_DEPLOYMENT_TARGET = 8.0;
				LD_RUNPATH_SEARCH_PATHS = "$(inherited) @executable_path/Frameworks";
				PRODUCT_NAME = "$(TARGET_NAME)";
			};
			name = Release;
		};
		95A99D2D1B21B55B005EDF41 /* Debug */ = {
			isa = XCBuildConfiguration;
			buildSettings = {
				BUNDLE_LOADER = "$(TEST_HOST)";
				FRAMEWORK_SEARCH_PATHS = (
					"$(SDKROOT)/Developer/Library/Frameworks",
					"$(inherited)",
				);
				GCC_PREPROCESSOR_DEFINITIONS = (
					"DEBUG=1",
					"$(inherited)",
				);
				INFOPLIST_FILE = ZombieCongaTests/Info.plist;
				LD_RUNPATH_SEARCH_PATHS = "$(inherited) @executable_path/Frameworks @loader_path/Frameworks";
				PRODUCT_NAME = "$(TARGET_NAME)";
				TEST_HOST = "$(BUILT_PRODUCTS_DIR)/ZombieConga.app/ZombieConga";
			};
			name = Debug;
		};
		95A99D2E1B21B55B005EDF41 /* Release */ = {
			isa = XCBuildConfiguration;
			buildSettings = {
				BUNDLE_LOADER = "$(TEST_HOST)";
				FRAMEWORK_SEARCH_PATHS = (
					"$(SDKROOT)/Developer/Library/Frameworks",
					"$(inherited)",
				);
				INFOPLIST_FILE = ZombieCongaTests/Info.plist;
				LD_RUNPATH_SEARCH_PATHS = "$(inherited) @executable_path/Frameworks @loader_path/Frameworks";
				PRODUCT_NAME = "$(TARGET_NAME)";
				TEST_HOST = "$(BUILT_PRODUCTS_DIR)/ZombieConga.app/ZombieConga";
			};
			name = Release;
		};
/* End XCBuildConfiguration section */

/* Begin XCConfigurationList section */
		95A99CFC1B21B55B005EDF41 /* Build configuration list for PBXProject "ZombieConga" */ = {
			isa = XCConfigurationList;
			buildConfigurations = (
				95A99D271B21B55B005EDF41 /* Debug */,
				95A99D281B21B55B005EDF41 /* Release */,
			);
			defaultConfigurationIsVisible = 0;
			defaultConfigurationName = Release;
		};
		95A99D291B21B55B005EDF41 /* Build configuration list for PBXNativeTarget "ZombieConga" */ = {
			isa = XCConfigurationList;
			buildConfigurations = (
				95A99D2A1B21B55B005EDF41 /* Debug */,
				95A99D2B1B21B55B005EDF41 /* Release */,
			);
			defaultConfigurationIsVisible = 0;
			defaultConfigurationName = Release;
		};
		95A99D2C1B21B55B005EDF41 /* Build configuration list for PBXNativeTarget "ZombieCongaTests" */ = {
			isa = XCConfigurationList;
			buildConfigurations = (
				95A99D2D1B21B55B005EDF41 /* Debug */,
				95A99D2E1B21B55B005EDF41 /* Release */,
			);
			defaultConfigurationIsVisible = 0;
			defaultConfigurationName = Release;
		};
/* End XCConfigurationList section */
	};
	rootObject = 95A99CF91B21B55B005EDF41 /* Project object */;
}
